
Microsoft Visual Studio Solution File, Format Version 12.00
# Visual Studio Version 17
VisualStudioVersion = 17.2.32630.192
MinimumVisualStudioVersion = 10.0.40219.1
Project("{9A19103F-16F7-4668-BE54-9A1E7A4F7556}") = "CryptoZAPI", "CryptoZAPI.csproj", "{AD5378CF-EE56-4E7C-9852-86DE22513249}"
EndProject
Project("{9A19103F-16F7-4668-BE54-9A1E7A4F7556}") = "NomixServices", "..\NomixServices\NomixServices.csproj", "{68801EBD-5B6A-41E0-BEFF-C6A7CC583A56}"
EndProject
Project("{9A19103F-16F7-4668-BE54-9A1E7A4F7556}") = "Models", "..\Models\Models.csproj", "{287FAB13-15BA-4B2C-B901-0279FFC4CD95}"
EndProject
Project("{9A19103F-16F7-4668-BE54-9A1E7A4F7556}") = "Repo", "..\Repository\Repo.csproj", "{1001AF53-68C4-4959-A829-80353D1A11CB}"
EndProject
Project("{FAE04EC0-301F-11D3-BF4B-00C04F79EFBC}") = "CryptoZAPITests", "..\CryptoZAPITests\CryptoZAPITests.csproj", "{99275509-8F13-4BD1-9179-15892EB72D7F}"
EndProject
Global
	GlobalSection(SolutionConfigurationPlatforms) = preSolution
		Debug|Any CPU = Debug|Any CPU
		Release|Any CPU = Release|Any CPU
	EndGlobalSection
	GlobalSection(ProjectConfigurationPlatforms) = postSolution
		{AD5378CF-EE56-4E7C-9852-86DE22513249}.Debug|Any CPU.ActiveCfg = Debug|Any CPU
		{AD5378CF-EE56-4E7C-9852-86DE22513249}.Debug|Any CPU.Build.0 = Debug|Any CPU
		{AD5378CF-EE56-4E7C-9852-86DE22513249}.Release|Any CPU.ActiveCfg = Release|Any CPU
		{AD5378CF-EE56-4E7C-9852-86DE22513249}.Release|Any CPU.Build.0 = Release|Any CPU
		{68801EBD-5B6A-41E0-BEFF-C6A7CC583A56}.Debug|Any CPU.ActiveCfg = Debug|Any CPU
		{68801EBD-5B6A-41E0-BEFF-C6A7CC583A56}.Debug|Any CPU.Build.0 = Debug|Any CPU
		{68801EBD-5B6A-41E0-BEFF-C6A7CC583A56}.Release|Any CPU.ActiveCfg = Release|Any CPU
		{68801EBD-5B6A-41E0-BEFF-C6A7CC583A56}.Release|Any CPU.Build.0 = Release|Any CPU
		{287FAB13-15BA-4B2C-B901-0279FFC4CD95}.Debug|Any CPU.ActiveCfg = Debug|Any CPU
		{287FAB13-15BA-4B2C-B901-0279FFC4CD95}.Debug|Any CPU.Build.0 = Debug|Any CPU
		{287FAB13-15BA-4B2C-B901-0279FFC4CD95}.Release|Any CPU.ActiveCfg = Release|Any CPU
		{287FAB13-15BA-4B2C-B901-0279FFC4CD95}.Release|Any CPU.Build.0 = Release|Any CPU
		{1001AF53-68C4-4959-A829-80353D1A11CB}.Debug|Any CPU.ActiveCfg = Debug|Any CPU
		{1001AF53-68C4-4959-A829-80353D1A11CB}.Debug|Any CPU.Build.0 = Debug|Any CPU
		{1001AF53-68C4-4959-A829-80353D1A11CB}.Release|Any CPU.ActiveCfg = Release|Any CPU
		{1001AF53-68C4-4959-A829-80353D1A11CB}.Release|Any CPU.Build.0 = Release|Any CPU
		{99275509-8F13-4BD1-9179-15892EB72D7F}.Debug|Any CPU.ActiveCfg = Debug|Any CPU
		{99275509-8F13-4BD1-9179-15892EB72D7F}.Debug|Any CPU.Build.0 = Debug|Any CPU
		{99275509-8F13-4BD1-9179-15892EB72D7F}.Release|Any CPU.ActiveCfg = Release|Any CPU
		{99275509-8F13-4BD1-9179-15892EB72D7F}.Release|Any CPU.Build.0 = Release|Any CPU
	EndGlobalSection
	GlobalSection(SolutionProperties) = preSolution
		HideSolutionNode = FALSE
	EndGlobalSection
	GlobalSection(ExtensibilityGlobals) = postSolution
		SolutionGuid = {4E2117EA-2653-44E5-B36B-EEA91E33B3FE}
	EndGlobalSection
EndGlobal
